// !$*UTF8*$!
{
	archiveVersion = 1;
	classes = {
	};
	objectVersion = 55;
	objects = {

/* Begin PBXBuildFile section */
		6C120DCC27BC99CF00C76C09 /* Tasks.swift in Sources */ = {isa = PBXBuildFile; fileRef = 6C120DCB27BC99CF00C76C09 /* Tasks.swift */; };
		6C120DCE27BC9F3000C76C09 /* Helper.swift in Sources */ = {isa = PBXBuildFile; fileRef = 6C120DCD27BC9F3000C76C09 /* Helper.swift */; };
		6C120DD027BCA89300C76C09 /* MainView.swift in Sources */ = {isa = PBXBuildFile; fileRef = 6C120DCF27BCA89300C76C09 /* MainView.swift */; };
		6C120DD227BCA97900C76C09 /* TaskSelectionView.swift in Sources */ = {isa = PBXBuildFile; fileRef = 6C120DD127BCA97900C76C09 /* TaskSelectionView.swift */; };
		6C120DD427BCA9E200C76C09 /* TaskList.swift in Sources */ = {isa = PBXBuildFile; fileRef = 6C120DD327BCA9E200C76C09 /* TaskList.swift */; };
		6C36C51927BC8F2100103527 /* RandoTaskerApp.swift in Sources */ = {isa = PBXBuildFile; fileRef = 6C36C51827BC8F2100103527 /* RandoTaskerApp.swift */; };
		6C36C51B27BC8F2100103527 /* TodoView.swift in Sources */ = {isa = PBXBuildFile; fileRef = 6C36C51A27BC8F2100103527 /* TodoView.swift */; };
		6C36C51D27BC8F2600103527 /* Assets.xcassets in Resources */ = {isa = PBXBuildFile; fileRef = 6C36C51C27BC8F2600103527 /* Assets.xcassets */; };
		6C36C52027BC8F2600103527 /* Preview Assets.xcassets in Resources */ = {isa = PBXBuildFile; fileRef = 6C36C51F27BC8F2600103527 /* Preview Assets.xcassets */; };
		6C36C52A27BC8F2600103527 /* RandoTaskerTests.swift in Sources */ = {isa = PBXBuildFile; fileRef = 6C36C52927BC8F2600103527 /* RandoTaskerTests.swift */; };
		6C36C53427BC8F2600103527 /* RandoTaskerUITests.swift in Sources */ = {isa = PBXBuildFile; fileRef = 6C36C53327BC8F2600103527 /* RandoTaskerUITests.swift */; };
		6C36C53627BC8F2600103527 /* RandoTaskerUITestsLaunchTests.swift in Sources */ = {isa = PBXBuildFile; fileRef = 6C36C53527BC8F2600103527 /* RandoTaskerUITestsLaunchTests.swift */; };
		6C47658F27BD46DE00D1C19B /* StatisticsView.swift in Sources */ = {isa = PBXBuildFile; fileRef = 6C47658E27BD46DE00D1C19B /* StatisticsView.swift */; };
		6C881EE627C0430D00D84470 /* Main.xcdatamodeld in Sources */ = {isa = PBXBuildFile; fileRef = 6C881EE427C0430D00D84470 /* Main.xcdatamodeld */; };
		6C881EE827C0438B00D84470 /* PersistenceController.swift in Sources */ = {isa = PBXBuildFile; fileRef = 6C881EE727C0438B00D84470 /* PersistenceController.swift */; };
		6C881EEA27C42A8000D84470 /* AddTaskView.swift in Sources */ = {isa = PBXBuildFile; fileRef = 6C881EE927C42A8000D84470 /* AddTaskView.swift */; };
		6C881EF327C7DCDC00D84470 /* TaskDetailView.swift in Sources */ = {isa = PBXBuildFile; fileRef = 6C881EF227C7DCDA00D84470 /* TaskDetailView.swift */; };
		6C881EF527C87E3E00D84470 /* TaskRowView.swift in Sources */ = {isa = PBXBuildFile; fileRef = 6C881EF427C87E3D00D84470 /* TaskRowView.swift */; };
		6CC3DC1027C942B20058F5CF /* LineChart.swift in Sources */ = {isa = PBXBuildFile; fileRef = 6CC3DC0F27C942B20058F5CF /* LineChart.swift */; };
		6CC3DC1227CD19460058F5CF /* StartView.swift in Sources */ = {isa = PBXBuildFile; fileRef = 6CC3DC1127CD19440058F5CF /* StartView.swift */; };
		6CCA565F27D1C08E00F32F54 /* AddCategoryView.swift in Sources */ = {isa = PBXBuildFile; fileRef = 6CCA565E27D1C08D00F32F54 /* AddCategoryView.swift */; };
		6CCA566327D305B600F32F54 /* ReminderView.swift in Sources */ = {isa = PBXBuildFile; fileRef = 6CCA566227D305B600F32F54 /* ReminderView.swift */; };
/* End PBXBuildFile section */

/* Begin PBXContainerItemProxy section */
		6C36C52627BC8F2600103527 /* PBXContainerItemProxy */ = {
			isa = PBXContainerItemProxy;
			containerPortal = 6C36C50D27BC8F2100103527 /* Project object */;
			proxyType = 1;
			remoteGlobalIDString = 6C36C51427BC8F2100103527;
			remoteInfo = RandoTasker;
		};
		6C36C53027BC8F2600103527 /* PBXContainerItemProxy */ = {
			isa = PBXContainerItemProxy;
			containerPortal = 6C36C50D27BC8F2100103527 /* Project object */;
			proxyType = 1;
			remoteGlobalIDString = 6C36C51427BC8F2100103527;
			remoteInfo = RandoTasker;
		};
/* End PBXContainerItemProxy section */

/* Begin PBXFileReference section */
		6C120DCB27BC99CF00C76C09 /* Tasks.swift */ = {isa = PBXFileReference; lastKnownFileType = sourcecode.swift; path = Tasks.swift; sourceTree = "<group>"; };
		6C120DCD27BC9F3000C76C09 /* Helper.swift */ = {isa = PBXFileReference; lastKnownFileType = sourcecode.swift; path = Helper.swift; sourceTree = "<group>"; };
		6C120DCF27BCA89300C76C09 /* MainView.swift */ = {isa = PBXFileReference; lastKnownFileType = sourcecode.swift; path = MainView.swift; sourceTree = "<group>"; };
		6C120DD127BCA97900C76C09 /* TaskSelectionView.swift */ = {isa = PBXFileReference; lastKnownFileType = sourcecode.swift; path = TaskSelectionView.swift; sourceTree = "<group>"; };
		6C120DD327BCA9E200C76C09 /* TaskList.swift */ = {isa = PBXFileReference; lastKnownFileType = sourcecode.swift; path = TaskList.swift; sourceTree = "<group>"; };
		6C36C51527BC8F2100103527 /* RandoTasker.app */ = {isa = PBXFileReference; explicitFileType = wrapper.application; includeInIndex = 0; path = RandoTasker.app; sourceTree = BUILT_PRODUCTS_DIR; };
		6C36C51827BC8F2100103527 /* RandoTaskerApp.swift */ = {isa = PBXFileReference; lastKnownFileType = sourcecode.swift; path = RandoTaskerApp.swift; sourceTree = "<group>"; };
		6C36C51A27BC8F2100103527 /* TodoView.swift */ = {isa = PBXFileReference; lastKnownFileType = sourcecode.swift; path = TodoView.swift; sourceTree = "<group>"; };
		6C36C51C27BC8F2600103527 /* Assets.xcassets */ = {isa = PBXFileReference; lastKnownFileType = folder.assetcatalog; path = Assets.xcassets; sourceTree = "<group>"; };
		6C36C51F27BC8F2600103527 /* Preview Assets.xcassets */ = {isa = PBXFileReference; lastKnownFileType = folder.assetcatalog; path = "Preview Assets.xcassets"; sourceTree = "<group>"; };
		6C36C52527BC8F2600103527 /* RandoTaskerTests.xctest */ = {isa = PBXFileReference; explicitFileType = wrapper.cfbundle; includeInIndex = 0; path = RandoTaskerTests.xctest; sourceTree = BUILT_PRODUCTS_DIR; };
		6C36C52927BC8F2600103527 /* RandoTaskerTests.swift */ = {isa = PBXFileReference; lastKnownFileType = sourcecode.swift; path = RandoTaskerTests.swift; sourceTree = "<group>"; };
		6C36C52F27BC8F2600103527 /* RandoTaskerUITests.xctest */ = {isa = PBXFileReference; explicitFileType = wrapper.cfbundle; includeInIndex = 0; path = RandoTaskerUITests.xctest; sourceTree = BUILT_PRODUCTS_DIR; };
		6C36C53327BC8F2600103527 /* RandoTaskerUITests.swift */ = {isa = PBXFileReference; lastKnownFileType = sourcecode.swift; path = RandoTaskerUITests.swift; sourceTree = "<group>"; };
		6C36C53527BC8F2600103527 /* RandoTaskerUITestsLaunchTests.swift */ = {isa = PBXFileReference; lastKnownFileType = sourcecode.swift; path = RandoTaskerUITestsLaunchTests.swift; sourceTree = "<group>"; };
		6C47658E27BD46DE00D1C19B /* StatisticsView.swift */ = {isa = PBXFileReference; lastKnownFileType = sourcecode.swift; path = StatisticsView.swift; sourceTree = "<group>"; };
		6C881EE527C0430D00D84470 /* Model.xcdatamodel */ = {isa = PBXFileReference; lastKnownFileType = wrapper.xcdatamodel; path = Model.xcdatamodel; sourceTree = "<group>"; };
		6C881EE727C0438B00D84470 /* PersistenceController.swift */ = {isa = PBXFileReference; lastKnownFileType = sourcecode.swift; path = PersistenceController.swift; sourceTree = "<group>"; };
		6C881EE927C42A8000D84470 /* AddTaskView.swift */ = {isa = PBXFileReference; lastKnownFileType = sourcecode.swift; path = AddTaskView.swift; sourceTree = "<group>"; };
		6C881EF227C7DCDA00D84470 /* TaskDetailView.swift */ = {isa = PBXFileReference; lastKnownFileType = sourcecode.swift; path = TaskDetailView.swift; sourceTree = "<group>"; };
		6C881EF427C87E3D00D84470 /* TaskRowView.swift */ = {isa = PBXFileReference; lastKnownFileType = sourcecode.swift; path = TaskRowView.swift; sourceTree = "<group>"; };
		6CC3DC0F27C942B20058F5CF /* LineChart.swift */ = {isa = PBXFileReference; lastKnownFileType = sourcecode.swift; path = LineChart.swift; sourceTree = "<group>"; };
		6CC3DC1127CD19440058F5CF /* StartView.swift */ = {isa = PBXFileReference; lastKnownFileType = sourcecode.swift; path = StartView.swift; sourceTree = "<group>"; };
		6CCA565E27D1C08D00F32F54 /* AddCategoryView.swift */ = {isa = PBXFileReference; lastKnownFileType = sourcecode.swift; path = AddCategoryView.swift; sourceTree = "<group>"; };
		6CCA566227D305B600F32F54 /* ReminderView.swift */ = {isa = PBXFileReference; lastKnownFileType = sourcecode.swift; path = ReminderView.swift; sourceTree = "<group>"; };
/* End PBXFileReference section */

/* Begin PBXFrameworksBuildPhase section */
		6C36C51227BC8F2100103527 /* Frameworks */ = {
			isa = PBXFrameworksBuildPhase;
			buildActionMask = 2147483647;
			files = (
			);
			runOnlyForDeploymentPostprocessing = 0;
		};
		6C36C52227BC8F2600103527 /* Frameworks */ = {
			isa = PBXFrameworksBuildPhase;
			buildActionMask = 2147483647;
			files = (
			);
			runOnlyForDeploymentPostprocessing = 0;
		};
		6C36C52C27BC8F2600103527 /* Frameworks */ = {
			isa = PBXFrameworksBuildPhase;
			buildActionMask = 2147483647;
			files = (
			);
			runOnlyForDeploymentPostprocessing = 0;
		};
/* End PBXFrameworksBuildPhase section */

/* Begin PBXGroup section */
		6C36C50C27BC8F2100103527 = {
			isa = PBXGroup;
			children = (
				6C36C51727BC8F2100103527 /* RandoTasker */,
				6C36C52827BC8F2600103527 /* RandoTaskerTests */,
				6C36C53227BC8F2600103527 /* RandoTaskerUITests */,
				6C36C51627BC8F2100103527 /* Products */,
			);
			sourceTree = "<group>";
		};
		6C36C51627BC8F2100103527 /* Products */ = {
			isa = PBXGroup;
			children = (
				6C36C51527BC8F2100103527 /* RandoTasker.app */,
				6C36C52527BC8F2600103527 /* RandoTaskerTests.xctest */,
				6C36C52F27BC8F2600103527 /* RandoTaskerUITests.xctest */,
			);
			name = Products;
			sourceTree = "<group>";
		};
		6C36C51727BC8F2100103527 /* RandoTasker */ = {
			isa = PBXGroup;
			children = (
				6C36C51827BC8F2100103527 /* RandoTaskerApp.swift */,
				6CC3DC1127CD19440058F5CF /* StartView.swift */,
				6C120DD127BCA97900C76C09 /* TaskSelectionView.swift */,
				6C120DCF27BCA89300C76C09 /* MainView.swift */,
				6C36C51A27BC8F2100103527 /* TodoView.swift */,
				6C47658E27BD46DE00D1C19B /* StatisticsView.swift */,
				6C881EF427C87E3D00D84470 /* TaskRowView.swift */,
				6C881EF227C7DCDA00D84470 /* TaskDetailView.swift */,
				6CC3DC0F27C942B20058F5CF /* LineChart.swift */,
				6CCA566227D305B600F32F54 /* ReminderView.swift */,
				6CCA565E27D1C08D00F32F54 /* AddCategoryView.swift */,
				6C881EE927C42A8000D84470 /* AddTaskView.swift */,
				6C881EE427C0430D00D84470 /* Main.xcdatamodeld */,
				6C881EE727C0438B00D84470 /* PersistenceController.swift */,
				6C120DD327BCA9E200C76C09 /* TaskList.swift */,
				6C120DCD27BC9F3000C76C09 /* Helper.swift */,
				6C120DCB27BC99CF00C76C09 /* Tasks.swift */,
				6C36C51C27BC8F2600103527 /* Assets.xcassets */,
				6C36C51E27BC8F2600103527 /* Preview Content */,
			);
			path = RandoTasker;
			sourceTree = "<group>";
		};
		6C36C51E27BC8F2600103527 /* Preview Content */ = {
			isa = PBXGroup;
			children = (
				6C36C51F27BC8F2600103527 /* Preview Assets.xcassets */,
			);
			path = "Preview Content";
			sourceTree = "<group>";
		};
		6C36C52827BC8F2600103527 /* RandoTaskerTests */ = {
			isa = PBXGroup;
			children = (
				6C36C52927BC8F2600103527 /* RandoTaskerTests.swift */,
			);
			path = RandoTaskerTests;
			sourceTree = "<group>";
		};
		6C36C53227BC8F2600103527 /* RandoTaskerUITests */ = {
			isa = PBXGroup;
			children = (
				6C36C53327BC8F2600103527 /* RandoTaskerUITests.swift */,
				6C36C53527BC8F2600103527 /* RandoTaskerUITestsLaunchTests.swift */,
			);
			path = RandoTaskerUITests;
			sourceTree = "<group>";
		};
/* End PBXGroup section */

/* Begin PBXNativeTarget section */
		6C36C51427BC8F2100103527 /* RandoTasker */ = {
			isa = PBXNativeTarget;
			buildConfigurationList = 6C36C53927BC8F2600103527 /* Build configuration list for PBXNativeTarget "RandoTasker" */;
			buildPhases = (
				6C36C51127BC8F2100103527 /* Sources */,
				6C36C51227BC8F2100103527 /* Frameworks */,
				6C36C51327BC8F2100103527 /* Resources */,
			);
			buildRules = (
			);
			dependencies = (
			);
			name = RandoTasker;
			productName = RandoTasker;
			productReference = 6C36C51527BC8F2100103527 /* RandoTasker.app */;
			productType = "com.apple.product-type.application";
		};
		6C36C52427BC8F2600103527 /* RandoTaskerTests */ = {
			isa = PBXNativeTarget;
			buildConfigurationList = 6C36C53C27BC8F2600103527 /* Build configuration list for PBXNativeTarget "RandoTaskerTests" */;
			buildPhases = (
				6C36C52127BC8F2600103527 /* Sources */,
				6C36C52227BC8F2600103527 /* Frameworks */,
				6C36C52327BC8F2600103527 /* Resources */,
			);
			buildRules = (
			);
			dependencies = (
				6C36C52727BC8F2600103527 /* PBXTargetDependency */,
			);
			name = RandoTaskerTests;
			productName = RandoTaskerTests;
			productReference = 6C36C52527BC8F2600103527 /* RandoTaskerTests.xctest */;
			productType = "com.apple.product-type.bundle.unit-test";
		};
		6C36C52E27BC8F2600103527 /* RandoTaskerUITests */ = {
			isa = PBXNativeTarget;
			buildConfigurationList = 6C36C53F27BC8F2600103527 /* Build configuration list for PBXNativeTarget "RandoTaskerUITests" */;
			buildPhases = (
				6C36C52B27BC8F2600103527 /* Sources */,
				6C36C52C27BC8F2600103527 /* Frameworks */,
				6C36C52D27BC8F2600103527 /* Resources */,
			);
			buildRules = (
			);
			dependencies = (
				6C36C53127BC8F2600103527 /* PBXTargetDependency */,
			);
			name = RandoTaskerUITests;
			productName = RandoTaskerUITests;
			productReference = 6C36C52F27BC8F2600103527 /* RandoTaskerUITests.xctest */;
			productType = "com.apple.product-type.bundle.ui-testing";
		};
/* End PBXNativeTarget section */

/* Begin PBXProject section */
		6C36C50D27BC8F2100103527 /* Project object */ = {
			isa = PBXProject;
			attributes = {
				BuildIndependentTargetsInParallel = 1;
				KnownAssetTags = (
					New,
				);
				LastSwiftUpdateCheck = 1320;
				LastUpgradeCheck = 1320;
				TargetAttributes = {
					6C36C51427BC8F2100103527 = {
						CreatedOnToolsVersion = 13.2.1;
					};
					6C36C52427BC8F2600103527 = {
						CreatedOnToolsVersion = 13.2.1;
						TestTargetID = 6C36C51427BC8F2100103527;
					};
					6C36C52E27BC8F2600103527 = {
						CreatedOnToolsVersion = 13.2.1;
						TestTargetID = 6C36C51427BC8F2100103527;
					};
				};
			};
			buildConfigurationList = 6C36C51027BC8F2100103527 /* Build configuration list for PBXProject "RandoTasker" */;
			compatibilityVersion = "Xcode 13.0";
			developmentRegion = en;
			hasScannedForEncodings = 0;
			knownRegions = (
				en,
				Base,
			);
			mainGroup = 6C36C50C27BC8F2100103527;
			productRefGroup = 6C36C51627BC8F2100103527 /* Products */;
			projectDirPath = "";
			projectRoot = "";
			targets = (
				6C36C51427BC8F2100103527 /* RandoTasker */,
				6C36C52427BC8F2600103527 /* RandoTaskerTests */,
				6C36C52E27BC8F2600103527 /* RandoTaskerUITests */,
			);
		};
/* End PBXProject section */

/* Begin PBXResourcesBuildPhase section */
		6C36C51327BC8F2100103527 /* Resources */ = {
			isa = PBXResourcesBuildPhase;
			buildActionMask = 2147483647;
			files = (
				6C36C52027BC8F2600103527 /* Preview Assets.xcassets in Resources */,
				6C36C51D27BC8F2600103527 /* Assets.xcassets in Resources */,
			);
			runOnlyForDeploymentPostprocessing = 0;
		};
		6C36C52327BC8F2600103527 /* Resources */ = {
			isa = PBXResourcesBuildPhase;
			buildActionMask = 2147483647;
			files = (
			);
			runOnlyForDeploymentPostprocessing = 0;
		};
		6C36C52D27BC8F2600103527 /* Resources */ = {
			isa = PBXResourcesBuildPhase;
			buildActionMask = 2147483647;
			files = (
			);
			runOnlyForDeploymentPostprocessing = 0;
		};
/* End PBXResourcesBuildPhase section */

/* Begin PBXSourcesBuildPhase section */
		6C36C51127BC8F2100103527 /* Sources */ = {
			isa = PBXSourcesBuildPhase;
			buildActionMask = 2147483647;
			files = (
				6C881EEA27C42A8000D84470 /* AddTaskView.swift in Sources */,
				6C120DD427BCA9E200C76C09 /* TaskList.swift in Sources */,
				6CCA566327D305B600F32F54 /* ReminderView.swift in Sources */,
				6CCA565F27D1C08E00F32F54 /* AddCategoryView.swift in Sources */,
				6C36C51B27BC8F2100103527 /* TodoView.swift in Sources */,
				6C120DCC27BC99CF00C76C09 /* Tasks.swift in Sources */,
				6CC3DC1027C942B20058F5CF /* LineChart.swift in Sources */,
				6C36C51927BC8F2100103527 /* RandoTaskerApp.swift in Sources */,
				6CC3DC1227CD19460058F5CF /* StartView.swift in Sources */,
				6C120DD227BCA97900C76C09 /* TaskSelectionView.swift in Sources */,
				6C881EE627C0430D00D84470 /* Main.xcdatamodeld in Sources */,
				6C47658F27BD46DE00D1C19B /* StatisticsView.swift in Sources */,
				6C881EF327C7DCDC00D84470 /* TaskDetailView.swift in Sources */,
				6C120DD027BCA89300C76C09 /* MainView.swift in Sources */,
				6C881EF527C87E3E00D84470 /* TaskRowView.swift in Sources */,
				6C120DCE27BC9F3000C76C09 /* Helper.swift in Sources */,
				6C881EE827C0438B00D84470 /* PersistenceController.swift in Sources */,
			);
			runOnlyForDeploymentPostprocessing = 0;
		};
		6C36C52127BC8F2600103527 /* Sources */ = {
			isa = PBXSourcesBuildPhase;
			buildActionMask = 2147483647;
			files = (
				6C36C52A27BC8F2600103527 /* RandoTaskerTests.swift in Sources */,
			);
			runOnlyForDeploymentPostprocessing = 0;
		};
		6C36C52B27BC8F2600103527 /* Sources */ = {
			isa = PBXSourcesBuildPhase;
			buildActionMask = 2147483647;
			files = (
				6C36C53427BC8F2600103527 /* RandoTaskerUITests.swift in Sources */,
				6C36C53627BC8F2600103527 /* RandoTaskerUITestsLaunchTests.swift in Sources */,
			);
			runOnlyForDeploymentPostprocessing = 0;
		};
/* End PBXSourcesBuildPhase section */

/* Begin PBXTargetDependency section */
		6C36C52727BC8F2600103527 /* PBXTargetDependency */ = {
			isa = PBXTargetDependency;
			target = 6C36C51427BC8F2100103527 /* RandoTasker */;
			targetProxy = 6C36C52627BC8F2600103527 /* PBXContainerItemProxy */;
		};
		6C36C53127BC8F2600103527 /* PBXTargetDependency */ = {
			isa = PBXTargetDependency;
			target = 6C36C51427BC8F2100103527 /* RandoTasker */;
			targetProxy = 6C36C53027BC8F2600103527 /* PBXContainerItemProxy */;
		};
/* End PBXTargetDependency section */

/* Begin XCBuildConfiguration section */
		6C36C53727BC8F2600103527 /* Debug */ = {
			isa = XCBuildConfiguration;
			buildSettings = {
				ALWAYS_SEARCH_USER_PATHS = NO;
				CLANG_ANALYZER_NONNULL = YES;
				CLANG_ANALYZER_NUMBER_OBJECT_CONVERSION = YES_AGGRESSIVE;
				CLANG_CXX_LANGUAGE_STANDARD = "gnu++17";
				CLANG_CXX_LIBRARY = "libc++";
				CLANG_ENABLE_MODULES = YES;
				CLANG_ENABLE_OBJC_ARC = YES;
				CLANG_ENABLE_OBJC_WEAK = YES;
				CLANG_WARN_BLOCK_CAPTURE_AUTORELEASING = YES;
				CLANG_WARN_BOOL_CONVERSION = YES;
				CLANG_WARN_COMMA = YES;
				CLANG_WARN_CONSTANT_CONVERSION = YES;
				CLANG_WARN_DEPRECATED_OBJC_IMPLEMENTATIONS = YES;
				CLANG_WARN_DIRECT_OBJC_ISA_USAGE = YES_ERROR;
				CLANG_WARN_DOCUMENTATION_COMMENTS = YES;
				CLANG_WARN_EMPTY_BODY = YES;
				CLANG_WARN_ENUM_CONVERSION = YES;
				CLANG_WARN_INFINITE_RECURSION = YES;
				CLANG_WARN_INT_CONVERSION = YES;
				CLANG_WARN_NON_LITERAL_NULL_CONVERSION = YES;
				CLANG_WARN_OBJC_IMPLICIT_RETAIN_SELF = YES;
				CLANG_WARN_OBJC_LITERAL_CONVERSION = YES;
				CLANG_WARN_OBJC_ROOT_CLASS = YES_ERROR;
				CLANG_WARN_QUOTED_INCLUDE_IN_FRAMEWORK_HEADER = YES;
				CLANG_WARN_RANGE_LOOP_ANALYSIS = YES;
				CLANG_WARN_STRICT_PROTOTYPES = YES;
				CLANG_WARN_SUSPICIOUS_MOVE = YES;
				CLANG_WARN_UNGUARDED_AVAILABILITY = YES_AGGRESSIVE;
				CLANG_WARN_UNREACHABLE_CODE = YES;
				CLANG_WARN__DUPLICATE_METHOD_MATCH = YES;
				COPY_PHASE_STRIP = NO;
				DEBUG_INFORMATION_FORMAT = dwarf;
				ENABLE_STRICT_OBJC_MSGSEND = YES;
				ENABLE_TESTABILITY = YES;
				GCC_C_LANGUAGE_STANDARD = gnu11;
				GCC_DYNAMIC_NO_PIC = NO;
				GCC_NO_COMMON_BLOCKS = YES;
				GCC_OPTIMIZATION_LEVEL = 0;
				GCC_PREPROCESSOR_DEFINITIONS = (
					"DEBUG=1",
					"$(inherited)",
				);
				GCC_WARN_64_TO_32_BIT_CONVERSION = YES;
				GCC_WARN_ABOUT_RETURN_TYPE = YES_ERROR;
				GCC_WARN_UNDECLARED_SELECTOR = YES;
				GCC_WARN_UNINITIALIZED_AUTOS = YES_AGGRESSIVE;
				GCC_WARN_UNUSED_FUNCTION = YES;
				GCC_WARN_UNUSED_VARIABLE = YES;
				IPHONEOS_DEPLOYMENT_TARGET = 15.0;
				MTL_ENABLE_DEBUG_INFO = INCLUDE_SOURCE;
				MTL_FAST_MATH = YES;
				ONLY_ACTIVE_ARCH = YES;
				SDKROOT = iphoneos;
				SWIFT_ACTIVE_COMPILATION_CONDITIONS = DEBUG;
				SWIFT_OPTIMIZATION_LEVEL = "-Onone";
			};
			name = Debug;
		};
		6C36C53827BC8F2600103527 /* Release */ = {
			isa = XCBuildConfiguration;
			buildSettings = {
				ALWAYS_SEARCH_USER_PATHS = NO;
				CLANG_ANALYZER_NONNULL = YES;
				CLANG_ANALYZER_NUMBER_OBJECT_CONVERSION = YES_AGGRESSIVE;
				CLANG_CXX_LANGUAGE_STANDARD = "gnu++17";
				CLANG_CXX_LIBRARY = "libc++";
				CLANG_ENABLE_MODULES = YES;
				CLANG_ENABLE_OBJC_ARC = YES;
				CLANG_ENABLE_OBJC_WEAK = YES;
				CLANG_WARN_BLOCK_CAPTURE_AUTORELEASING = YES;
				CLANG_WARN_BOOL_CONVERSION = YES;
				CLANG_WARN_COMMA = YES;
				CLANG_WARN_CONSTANT_CONVERSION = YES;
				CLANG_WARN_DEPRECATED_OBJC_IMPLEMENTATIONS = YES;
				CLANG_WARN_DIRECT_OBJC_ISA_USAGE = YES_ERROR;
				CLANG_WARN_DOCUMENTATION_COMMENTS = YES;
				CLANG_WARN_EMPTY_BODY = YES;
				CLANG_WARN_ENUM_CONVERSION = YES;
				CLANG_WARN_INFINITE_RECURSION = YES;
				CLANG_WARN_INT_CONVERSION = YES;
				CLANG_WARN_NON_LITERAL_NULL_CONVERSION = YES;
				CLANG_WARN_OBJC_IMPLICIT_RETAIN_SELF = YES;
				CLANG_WARN_OBJC_LITERAL_CONVERSION = YES;
				CLANG_WARN_OBJC_ROOT_CLASS = YES_ERROR;
				CLANG_WARN_QUOTED_INCLUDE_IN_FRAMEWORK_HEADER = YES;
				CLANG_WARN_RANGE_LOOP_ANALYSIS = YES;
				CLANG_WARN_STRICT_PROTOTYPES = YES;
				CLANG_WARN_SUSPICIOUS_MOVE = YES;
				CLANG_WARN_UNGUARDED_AVAILABILITY = YES_AGGRESSIVE;
				CLANG_WARN_UNREACHABLE_CODE = YES;
				CLANG_WARN__DUPLICATE_METHOD_MATCH = YES;
				COPY_PHASE_STRIP = NO;
				DEBUG_INFORMATION_FORMAT = "dwarf-with-dsym";
				ENABLE_NS_ASSERTIONS = NO;
				ENABLE_STRICT_OBJC_MSGSEND = YES;
				GCC_C_LANGUAGE_STANDARD = gnu11;
				GCC_NO_COMMON_BLOCKS = YES;
				GCC_WARN_64_TO_32_BIT_CONVERSION = YES;
				GCC_WARN_ABOUT_RETURN_TYPE = YES_ERROR;
				GCC_WARN_UNDECLARED_SELECTOR = YES;
				GCC_WARN_UNINITIALIZED_AUTOS = YES_AGGRESSIVE;
				GCC_WARN_UNUSED_FUNCTION = YES;
				GCC_WARN_UNUSED_VARIABLE = YES;
				IPHONEOS_DEPLOYMENT_TARGET = 15.0;
				MTL_ENABLE_DEBUG_INFO = NO;
				MTL_FAST_MATH = YES;
				SDKROOT = iphoneos;
				SWIFT_COMPILATION_MODE = wholemodule;
				SWIFT_OPTIMIZATION_LEVEL = "-O";
				VALIDATE_PRODUCT = YES;
			};
			name = Release;
		};
		6C36C53A27BC8F2600103527 /* Debug */ = {
			isa = XCBuildConfiguration;
			buildSettings = {
				ASSETCATALOG_COMPILER_APPICON_NAME = AppIcon;
				ASSETCATALOG_COMPILER_GLOBAL_ACCENT_COLOR_NAME = AccentColor;
				CODE_SIGN_IDENTITY = "Apple Development";
				CODE_SIGN_STYLE = Automatic;
				CURRENT_PROJECT_VERSION = 2;
				DEVELOPMENT_ASSET_PATHS = "\"RandoTasker/Preview Content\"";
				DEVELOPMENT_TEAM = 67UDW6JGN9;
				ENABLE_PREVIEWS = YES;
				GENERATE_INFOPLIST_FILE = YES;
				INFOPLIST_KEY_NSRemindersUsageDescription = "";
				INFOPLIST_KEY_UIApplicationSceneManifest_Generation = YES;
				INFOPLIST_KEY_UIApplicationSupportsIndirectInputEvents = YES;
				INFOPLIST_KEY_UILaunchScreen_Generation = YES;
				INFOPLIST_KEY_UISupportedInterfaceOrientations_iPad = "UIInterfaceOrientationPortrait UIInterfaceOrientationPortraitUpsideDown UIInterfaceOrientationLandscapeLeft UIInterfaceOrientationLandscapeRight";
				INFOPLIST_KEY_UISupportedInterfaceOrientations_iPhone = "UIInterfaceOrientationPortrait UIInterfaceOrientationLandscapeLeft UIInterfaceOrientationLandscapeRight";
				LD_RUNPATH_SEARCH_PATHS = (
					"$(inherited)",
					"@executable_path/Frameworks",
				);
				MARKETING_VERSION = 1.14;
				PRODUCT_BUNDLE_IDENTIFIER = com.narv.RandoTasker;
				PRODUCT_NAME = "$(TARGET_NAME)";
				PROVISIONING_PROFILE_SPECIFIER = "";
				SWIFT_EMIT_LOC_STRINGS = YES;
				SWIFT_VERSION = 5.0;
				TARGETED_DEVICE_FAMILY = 1;
			};
			name = Debug;
		};
		6C36C53B27BC8F2600103527 /* Release */ = {
			isa = XCBuildConfiguration;
			buildSettings = {
				ASSETCATALOG_COMPILER_APPICON_NAME = AppIcon;
				ASSETCATALOG_COMPILER_GLOBAL_ACCENT_COLOR_NAME = AccentColor;
				CODE_SIGN_IDENTITY = "Apple Development";
				CODE_SIGN_STYLE = Automatic;
				CURRENT_PROJECT_VERSION = 2;
				DEVELOPMENT_ASSET_PATHS = "\"RandoTasker/Preview Content\"";
				DEVELOPMENT_TEAM = 67UDW6JGN9;
				ENABLE_PREVIEWS = YES;
				GENERATE_INFOPLIST_FILE = YES;
				INFOPLIST_KEY_NSRemindersUsageDescription = "";
				INFOPLIST_KEY_UIApplicationSceneManifest_Generation = YES;
				INFOPLIST_KEY_UIApplicationSupportsIndirectInputEvents = YES;
				INFOPLIST_KEY_UILaunchScreen_Generation = YES;
				INFOPLIST_KEY_UISupportedInterfaceOrientations_iPad = "UIInterfaceOrientationPortrait UIInterfaceOrientationPortraitUpsideDown UIInterfaceOrientationLandscapeLeft UIInterfaceOrientationLandscapeRight";
				INFOPLIST_KEY_UISupportedInterfaceOrientations_iPhone = "UIInterfaceOrientationPortrait UIInterfaceOrientationLandscapeLeft UIInterfaceOrientationLandscapeRight";
				LD_RUNPATH_SEARCH_PATHS = (
					"$(inherited)",
					"@executable_path/Frameworks",
				);
				MARKETING_VERSION = 1.14;
				PRODUCT_BUNDLE_IDENTIFIER = com.narv.RandoTasker;
				PRODUCT_NAME = "$(TARGET_NAME)";
				PROVISIONING_PROFILE_SPECIFIER = "";
				SWIFT_EMIT_LOC_STRINGS = YES;
				SWIFT_VERSION = 5.0;
				TARGETED_DEVICE_FAMILY = 1;
			};
			name = Release;
		};
		6C36C53D27BC8F2600103527 /* Debug */ = {
			isa = XCBuildConfiguration;
			buildSettings = {
				ALWAYS_EMBED_SWIFT_STANDARD_LIBRARIES = YES;
				BUNDLE_LOADER = "$(TEST_HOST)";
				CODE_SIGN_STYLE = Automatic;
				CURRENT_PROJECT_VERSION = 1;
				DEVELOPMENT_TEAM = M3J5BCRG86;
				GENERATE_INFOPLIST_FILE = YES;
				IPHONEOS_DEPLOYMENT_TARGET = 15.2;
				MARKETING_VERSION = 1.0;
				PRODUCT_BUNDLE_IDENTIFIER = com.narv.RandoTaskerTests;
				PRODUCT_NAME = "$(TARGET_NAME)";
				SWIFT_EMIT_LOC_STRINGS = NO;
				SWIFT_VERSION = 5.0;
				TARGETED_DEVICE_FAMILY = "1,2";
				TEST_HOST = "$(BUILT_PRODUCTS_DIR)/RandoTasker.app/RandoTasker";
			};
			name = Debug;
		};
		6C36C53E27BC8F2600103527 /* Release */ = {
			isa = XCBuildConfiguration;
			buildSettings = {
				ALWAYS_EMBED_SWIFT_STANDARD_LIBRARIES = YES;
				BUNDLE_LOADER = "$(TEST_HOST)";
				CODE_SIGN_STYLE = Automatic;
				CURRENT_PROJECT_VERSION = 1;
				DEVELOPMENT_TEAM = M3J5BCRG86;
				GENERATE_INFOPLIST_FILE = YES;
				IPHONEOS_DEPLOYMENT_TARGET = 15.2;
				MARKETING_VERSION = 1.0;
				PRODUCT_BUNDLE_IDENTIFIER = com.narv.RandoTaskerTests;
				PRODUCT_NAME = "$(TARGET_NAME)";
				SWIFT_EMIT_LOC_STRINGS = NO;
				SWIFT_VERSION = 5.0;
				TARGETED_DEVICE_FAMILY = "1,2";
				TEST_HOST = "$(BUILT_PRODUCTS_DIR)/RandoTasker.app/RandoTasker";
			};
			name = Release;
		};
		6C36C54027BC8F2600103527 /* Debug */ = {
			isa = XCBuildConfiguration;
			buildSettings = {
				ALWAYS_EMBED_SWIFT_STANDARD_LIBRARIES = YES;
				CODE_SIGN_STYLE = Automatic;
				CURRENT_PROJECT_VERSION = 1;
				DEVELOPMENT_TEAM = M3J5BCRG86;
				GENERATE_INFOPLIST_FILE = YES;
				MARKETING_VERSION = 1.0;
				PRODUCT_BUNDLE_IDENTIFIER = com.narv.RandoTaskerUITests;
				PRODUCT_NAME = "$(TARGET_NAME)";
				SWIFT_EMIT_LOC_STRINGS = NO;
				SWIFT_VERSION = 5.0;
				TARGETED_DEVICE_FAMILY = "1,2";
				TEST_TARGET_NAME = RandoTasker;
			};
			name = Debug;
		};
		6C36C54127BC8F2600103527 /* Release */ = {
			isa = XCBuildConfiguration;
			buildSettings = {
				ALWAYS_EMBED_SWIFT_STANDARD_LIBRARIES = YES;
				CODE_SIGN_STYLE = Automatic;
				CURRENT_PROJECT_VERSION = 1;
				DEVELOPMENT_TEAM = M3J5BCRG86;
				GENERATE_INFOPLIST_FILE = YES;
				MARKETING_VERSION = 1.0;
				PRODUCT_BUNDLE_IDENTIFIER = com.narv.RandoTaskerUITests;
				PRODUCT_NAME = "$(TARGET_NAME)";
				SWIFT_EMIT_LOC_STRINGS = NO;
				SWIFT_VERSION = 5.0;
				TARGETED_DEVICE_FAMILY = "1,2";
				TEST_TARGET_NAME = RandoTasker;
			};
			name = Release;
		};
/* End XCBuildConfiguration section */

/* Begin XCConfigurationList section */
		6C36C51027BC8F2100103527 /* Build configuration list for PBXProject "RandoTasker" */ = {
			isa = XCConfigurationList;
			buildConfigurations = (
				6C36C53727BC8F2600103527 /* Debug */,
				6C36C53827BC8F2600103527 /* Release */,
			);
			defaultConfigurationIsVisible = 0;
			defaultConfigurationName = Release;
		};
		6C36C53927BC8F2600103527 /* Build configuration list for PBXNativeTarget "RandoTasker" */ = {
			isa = XCConfigurationList;
			buildConfigurations = (
				6C36C53A27BC8F2600103527 /* Debug */,
				6C36C53B27BC8F2600103527 /* Release */,
			);
			defaultConfigurationIsVisible = 0;
			defaultConfigurationName = Release;
		};
		6C36C53C27BC8F2600103527 /* Build configuration list for PBXNativeTarget "RandoTaskerTests" */ = {
			isa = XCConfigurationList;
			buildConfigurations = (
				6C36C53D27BC8F2600103527 /* Debug */,
				6C36C53E27BC8F2600103527 /* Release */,
			);
			defaultConfigurationIsVisible = 0;
			defaultConfigurationName = Release;
		};
		6C36C53F27BC8F2600103527 /* Build configuration list for PBXNativeTarget "RandoTaskerUITests" */ = {
			isa = XCConfigurationList;
			buildConfigurations = (
				6C36C54027BC8F2600103527 /* Debug */,
				6C36C54127BC8F2600103527 /* Release */,
			);
			defaultConfigurationIsVisible = 0;
			defaultConfigurationName = Release;
		};
/* End XCConfigurationList section */

/* Begin XCVersionGroup section */
		6C881EE427C0430D00D84470 /* Main.xcdatamodeld */ = {
			isa = XCVersionGroup;
			children = (
				6C881EE527C0430D00D84470 /* Model.xcdatamodel */,
			);
			currentVersion = 6C881EE527C0430D00D84470 /* Model.xcdatamodel */;
			path = Main.xcdatamodeld;
			sourceTree = "<group>";
			versionGroupType = wrapper.xcdatamodel;
		};
/* End XCVersionGroup section */
	};
	rootObject = 6C36C50D27BC8F2100103527 /* Project object */;
}
